
Microsoft Visual Studio Solution File, Format Version 12.00
# Visual Studio Version 17
VisualStudioVersion = 17.5.002.0
MinimumVisualStudioVersion = 10.0.40219.1
Project("{2150E333-8FDC-42A3-9474-1A3956D46DE8}") = "sandbox", "sandbox", "{C521A7B5-5535-49EA-A692-E251846CCCE7}"
EndProject
Project("{9A19103F-16F7-4668-BE54-9A1E7A4F7556}") = "sandbox_project", "sandbox\sandbox_project\sandbox_project.csproj", "{EC3DDE98-3DC7-4645-A00E-59740100053F}"
EndProject
Project("{2150E333-8FDC-42A3-9474-1A3956D46DE8}") = "week01", "week01", "{283E5B96-1634-479E-A190-E84134C0B93C}"
EndProject
Project("{9A19103F-16F7-4668-BE54-9A1E7A4F7556}") = "analyze", "week01\analyze\analyze.csproj", "{848C85D7-46F1-41AB-B43E-9552B8516C77}"
EndProject
Project("{9A19103F-16F7-4668-BE54-9A1E7A4F7556}") = "code", "week01\code\code.csproj", "{63EDC919-AE1E-4FE3-B627-C069544CC449}"
EndProject
Project("{9A19103F-16F7-4668-BE54-9A1E7A4F7556}") = "teach", "week01\teach\teach.csproj", "{9BC4B05A-6578-4B72-BFF2-FD78422213AC}"
EndProject
Project("{2150E333-8FDC-42A3-9474-1A3956D46DE8}") = "week02", "week02", "{B31D8BE9-AAAD-49A6-9C26-FC6DCDD3EE9B}"
EndProject
Project("{9A19103F-16F7-4668-BE54-9A1E7A4F7556}") = "analyze", "week02\analyze\analyze.csproj", "{CBF9D6F9-BB7F-42D7-91B4-BB38D2B4D607}"
EndProject
Project("{9A19103F-16F7-4668-BE54-9A1E7A4F7556}") = "code", "week02\code\code.csproj", "{CA3E658C-D1BA-4C43-89B9-6FFD51739E66}"
EndProject
Project("{9A19103F-16F7-4668-BE54-9A1E7A4F7556}") = "learn", "week02\learn\learn.csproj", "{C3DC0A58-69E8-44EA-8C34-20F946CA1E99}"
EndProject
Project("{9A19103F-16F7-4668-BE54-9A1E7A4F7556}") = "teach", "week02\teach\teach.csproj", "{108D4F3C-35F7-47D4-A5FD-82A3D83CEB69}"
EndProject
Project("{2150E333-8FDC-42A3-9474-1A3956D46DE8}") = "week03", "week03", "{A89288CE-638E-4354-8FB7-A25097D53B6C}"
EndProject
Project("{9A19103F-16F7-4668-BE54-9A1E7A4F7556}") = "code", "week03\code\code.csproj", "{1C38E2E3-DBB5-4072-BED2-4BA43C72B962}"
EndProject
Project("{9A19103F-16F7-4668-BE54-9A1E7A4F7556}") = "learn", "week03\learn\learn.csproj", "{CC258F26-5F43-4E58-A252-12CD9A1116F8}"
EndProject
Project("{9A19103F-16F7-4668-BE54-9A1E7A4F7556}") = "teach", "week03\teach\teach.csproj", "{AB19B339-744F-47F0-A3DC-A25B744B2CAB}"
EndProject
Project("{2150E333-8FDC-42A3-9474-1A3956D46DE8}") = "week04", "week04", "{254D2327-0835-4490-986A-BBD796FEF2CB}"
EndProject
Project("{9A19103F-16F7-4668-BE54-9A1E7A4F7556}") = "code", "week04\code\code.csproj", "{092B6812-5E40-4405-AA02-C4FD159DC0D4}"
EndProject
Project("{2150E333-8FDC-42A3-9474-1A3956D46DE8}") = "week05", "week05", "{FEBD63B4-58D2-468D-887D-8FBC17E1B3F6}"
EndProject
Project("{9A19103F-16F7-4668-BE54-9A1E7A4F7556}") = "code", "week05\code\code.csproj", "{05E75D93-AFF9-4F9D-9992-33F341195ABB}"
EndProject
Project("{2150E333-8FDC-42A3-9474-1A3956D46DE8}") = "week06", "week06", "{BFCFFB0E-B01B-4551-AAA4-6782B67EB996}"
EndProject
Project("{9A19103F-16F7-4668-BE54-9A1E7A4F7556}") = "code", "week06\code\code.csproj", "{AFF1D519-B34B-4E3D-BB8B-F9E1B494BFEE}"
EndProject
Global
	GlobalSection(SolutionConfigurationPlatforms) = preSolution
		Debug|Any CPU = Debug|Any CPU
		Release|Any CPU = Release|Any CPU
	EndGlobalSection
	GlobalSection(ProjectConfigurationPlatforms) = postSolution
		{EC3DDE98-3DC7-4645-A00E-59740100053F}.Debug|Any CPU.ActiveCfg = Debug|Any CPU
		{EC3DDE98-3DC7-4645-A00E-59740100053F}.Debug|Any CPU.Build.0 = Debug|Any CPU
		{EC3DDE98-3DC7-4645-A00E-59740100053F}.Release|Any CPU.ActiveCfg = Release|Any CPU
		{EC3DDE98-3DC7-4645-A00E-59740100053F}.Release|Any CPU.Build.0 = Release|Any CPU
		{848C85D7-46F1-41AB-B43E-9552B8516C77}.Debug|Any CPU.ActiveCfg = Debug|Any CPU
		{848C85D7-46F1-41AB-B43E-9552B8516C77}.Debug|Any CPU.Build.0 = Debug|Any CPU
		{848C85D7-46F1-41AB-B43E-9552B8516C77}.Release|Any CPU.ActiveCfg = Release|Any CPU
		{848C85D7-46F1-41AB-B43E-9552B8516C77}.Release|Any CPU.Build.0 = Release|Any CPU
		{63EDC919-AE1E-4FE3-B627-C069544CC449}.Debug|Any CPU.ActiveCfg = Debug|Any CPU
		{63EDC919-AE1E-4FE3-B627-C069544CC449}.Debug|Any CPU.Build.0 = Debug|Any CPU
		{63EDC919-AE1E-4FE3-B627-C069544CC449}.Release|Any CPU.ActiveCfg = Release|Any CPU
		{63EDC919-AE1E-4FE3-B627-C069544CC449}.Release|Any CPU.Build.0 = Release|Any CPU
		{9BC4B05A-6578-4B72-BFF2-FD78422213AC}.Debug|Any CPU.ActiveCfg = Debug|Any CPU
		{9BC4B05A-6578-4B72-BFF2-FD78422213AC}.Debug|Any CPU.Build.0 = Debug|Any CPU
		{9BC4B05A-6578-4B72-BFF2-FD78422213AC}.Release|Any CPU.ActiveCfg = Release|Any CPU
		{9BC4B05A-6578-4B72-BFF2-FD78422213AC}.Release|Any CPU.Build.0 = Release|Any CPU
		{CBF9D6F9-BB7F-42D7-91B4-BB38D2B4D607}.Debug|Any CPU.ActiveCfg = Debug|Any CPU
		{CBF9D6F9-BB7F-42D7-91B4-BB38D2B4D607}.Debug|Any CPU.Build.0 = Debug|Any CPU
		{CBF9D6F9-BB7F-42D7-91B4-BB38D2B4D607}.Release|Any CPU.ActiveCfg = Release|Any CPU
		{CBF9D6F9-BB7F-42D7-91B4-BB38D2B4D607}.Release|Any CPU.Build.0 = Release|Any CPU
		{CA3E658C-D1BA-4C43-89B9-6FFD51739E66}.Debug|Any CPU.ActiveCfg = Debug|Any CPU
		{CA3E658C-D1BA-4C43-89B9-6FFD51739E66}.Debug|Any CPU.Build.0 = Debug|Any CPU
		{CA3E658C-D1BA-4C43-89B9-6FFD51739E66}.Release|Any CPU.ActiveCfg = Release|Any CPU
		{CA3E658C-D1BA-4C43-89B9-6FFD51739E66}.Release|Any CPU.Build.0 = Release|Any CPU
		{C3DC0A58-69E8-44EA-8C34-20F946CA1E99}.Debug|Any CPU.ActiveCfg = Debug|Any CPU
		{C3DC0A58-69E8-44EA-8C34-20F946CA1E99}.Debug|Any CPU.Build.0 = Debug|Any CPU
		{C3DC0A58-69E8-44EA-8C34-20F946CA1E99}.Release|Any CPU.ActiveCfg = Release|Any CPU
		{C3DC0A58-69E8-44EA-8C34-20F946CA1E99}.Release|Any CPU.Build.0 = Release|Any CPU
		{108D4F3C-35F7-47D4-A5FD-82A3D83CEB69}.Debug|Any CPU.ActiveCfg = Debug|Any CPU
		{108D4F3C-35F7-47D4-A5FD-82A3D83CEB69}.Debug|Any CPU.Build.0 = Debug|Any CPU
		{108D4F3C-35F7-47D4-A5FD-82A3D83CEB69}.Release|Any CPU.ActiveCfg = Release|Any CPU
		{108D4F3C-35F7-47D4-A5FD-82A3D83CEB69}.Release|Any CPU.Build.0 = Release|Any CPU
		{1C38E2E3-DBB5-4072-BED2-4BA43C72B962}.Debug|Any CPU.ActiveCfg = Debug|Any CPU
		{1C38E2E3-DBB5-4072-BED2-4BA43C72B962}.Debug|Any CPU.Build.0 = Debug|Any CPU
		{1C38E2E3-DBB5-4072-BED2-4BA43C72B962}.Release|Any CPU.ActiveCfg = Release|Any CPU
		{1C38E2E3-DBB5-4072-BED2-4BA43C72B962}.Release|Any CPU.Build.0 = Release|Any CPU
		{CC258F26-5F43-4E58-A252-12CD9A1116F8}.Debug|Any CPU.ActiveCfg = Debug|Any CPU
		{CC258F26-5F43-4E58-A252-12CD9A1116F8}.Debug|Any CPU.Build.0 = Debug|Any CPU
		{CC258F26-5F43-4E58-A252-12CD9A1116F8}.Release|Any CPU.ActiveCfg = Release|Any CPU
		{CC258F26-5F43-4E58-A252-12CD9A1116F8}.Release|Any CPU.Build.0 = Release|Any CPU
		{AB19B339-744F-47F0-A3DC-A25B744B2CAB}.Debug|Any CPU.ActiveCfg = Debug|Any CPU
		{AB19B339-744F-47F0-A3DC-A25B744B2CAB}.Debug|Any CPU.Build.0 = Debug|Any CPU
		{AB19B339-744F-47F0-A3DC-A25B744B2CAB}.Release|Any CPU.ActiveCfg = Release|Any CPU
		{AB19B339-744F-47F0-A3DC-A25B744B2CAB}.Release|Any CPU.Build.0 = Release|Any CPU
		{092B6812-5E40-4405-AA02-C4FD159DC0D4}.Debug|Any CPU.ActiveCfg = Debug|Any CPU
		{092B6812-5E40-4405-AA02-C4FD159DC0D4}.Debug|Any CPU.Build.0 = Debug|Any CPU
		{092B6812-5E40-4405-AA02-C4FD159DC0D4}.Release|Any CPU.ActiveCfg = Release|Any CPU
		{092B6812-5E40-4405-AA02-C4FD159DC0D4}.Release|Any CPU.Build.0 = Release|Any CPU
		{05E75D93-AFF9-4F9D-9992-33F341195ABB}.Debug|Any CPU.ActiveCfg = Debug|Any CPU
		{05E75D93-AFF9-4F9D-9992-33F341195ABB}.Debug|Any CPU.Build.0 = Debug|Any CPU
		{05E75D93-AFF9-4F9D-9992-33F341195ABB}.Release|Any CPU.ActiveCfg = Release|Any CPU
		{05E75D93-AFF9-4F9D-9992-33F341195ABB}.Release|Any CPU.Build.0 = Release|Any CPU
		{AFF1D519-B34B-4E3D-BB8B-F9E1B494BFEE}.Debug|Any CPU.ActiveCfg = Debug|Any CPU
		{AFF1D519-B34B-4E3D-BB8B-F9E1B494BFEE}.Debug|Any CPU.Build.0 = Debug|Any CPU
		{AFF1D519-B34B-4E3D-BB8B-F9E1B494BFEE}.Release|Any CPU.ActiveCfg = Release|Any CPU
		{AFF1D519-B34B-4E3D-BB8B-F9E1B494BFEE}.Release|Any CPU.Build.0 = Release|Any CPU
	EndGlobalSection
	GlobalSection(SolutionProperties) = preSolution
		HideSolutionNode = FALSE
	EndGlobalSection
	GlobalSection(NestedProjects) = preSolution
		{EC3DDE98-3DC7-4645-A00E-59740100053F} = {C521A7B5-5535-49EA-A692-E251846CCCE7}
		{848C85D7-46F1-41AB-B43E-9552B8516C77} = {283E5B96-1634-479E-A190-E84134C0B93C}
		{63EDC919-AE1E-4FE3-B627-C069544CC449} = {283E5B96-1634-479E-A190-E84134C0B93C}
		{9BC4B05A-6578-4B72-BFF2-FD78422213AC} = {283E5B96-1634-479E-A190-E84134C0B93C}
		{CBF9D6F9-BB7F-42D7-91B4-BB38D2B4D607} = {B31D8BE9-AAAD-49A6-9C26-FC6DCDD3EE9B}
		{CA3E658C-D1BA-4C43-89B9-6FFD51739E66} = {B31D8BE9-AAAD-49A6-9C26-FC6DCDD3EE9B}
		{C3DC0A58-69E8-44EA-8C34-20F946CA1E99} = {B31D8BE9-AAAD-49A6-9C26-FC6DCDD3EE9B}
		{108D4F3C-35F7-47D4-A5FD-82A3D83CEB69} = {B31D8BE9-AAAD-49A6-9C26-FC6DCDD3EE9B}
		{1C38E2E3-DBB5-4072-BED2-4BA43C72B962} = {A89288CE-638E-4354-8FB7-A25097D53B6C}
		{CC258F26-5F43-4E58-A252-12CD9A1116F8} = {A89288CE-638E-4354-8FB7-A25097D53B6C}
		{AB19B339-744F-47F0-A3DC-A25B744B2CAB} = {A89288CE-638E-4354-8FB7-A25097D53B6C}
		{092B6812-5E40-4405-AA02-C4FD159DC0D4} = {254D2327-0835-4490-986A-BBD796FEF2CB}
		{05E75D93-AFF9-4F9D-9992-33F341195ABB} = {FEBD63B4-58D2-468D-887D-8FBC17E1B3F6}
		{AFF1D519-B34B-4E3D-BB8B-F9E1B494BFEE} = {BFCFFB0E-B01B-4551-AAA4-6782B67EB996}
	EndGlobalSection
	GlobalSection(ExtensibilityGlobals) = postSolution
		SolutionGuid = {85FD0B7C-D947-4194-AE56-9B97E9676C57}
	EndGlobalSection
EndGlobal
